
Microsoft Visual Studio Solution File, Format Version 12.00
# Visual Studio Version 17
VisualStudioVersion = 17.0.31919.166
MinimumVisualStudioVersion = 10.0.40219.1
Project("{9A19103F-16F7-4668-BE54-9A1E7A4F7556}") = "MyLanguage.ExpressionEvaluator_POC", "MyLanguage.ExpressionEvaluator\MyLanguage.ExpressionEvaluator_POC.csproj", "{B68977C1-1C9B-474F-A299-D6FDE49819C0}"
EndProject
Global
	GlobalSection(SolutionConfigurationPlatforms) = preSolution
		Debug|Any CPU = Debug|Any CPU
		Release|Any CPU = Release|Any CPU
	EndGlobalSection
	GlobalSection(ProjectConfigurationPlatforms) = postSolution
		{B68977C1-1C9B-474F-A299-D6FDE49819C0}.Debug|Any CPU.ActiveCfg = Debug|Any CPU
		{B68977C1-1C9B-474F-A299-D6FDE49819C0}.Debug|Any CPU.Build.0 = Debug|Any CPU
		{B68977C1-1C9B-474F-A299-D6FDE49819C0}.Release|Any CPU.ActiveCfg = Release|Any CPU
		{B68977C1-1C9B-474F-A299-D6FDE49819C0}.Release|Any CPU.Build.0 = Release|Any CPU
	EndGlobalSection
	GlobalSection(SolutionProperties) = preSolution
		HideSolutionNode = FALSE
	EndGlobalSection
	GlobalSection(ExtensibilityGlobals) = postSolution
		SolutionGuid = {508C07C9-F872-470F-9997-88F99D91C338}
	EndGlobalSection
EndGlobal
